
Microsoft Visual Studio Solution File, Format Version 12.00
# Visual Studio Version 17
VisualStudioVersion = 17.0.31912.275
MinimumVisualStudioVersion = 10.0.40219.1
Project("{FAE04EC0-301F-11D3-BF4B-00C04F79EFBC}") = "AoC2021Day1", "AoC2021Day1\AoC2021Day1.csproj", "{807DA16E-B302-4DEF-A32D-15737A3A1511}"
EndProject
Global
	GlobalSection(SolutionConfigurationPlatforms) = preSolution
		Debug|Any CPU = Debug|Any CPU
		Release|Any CPU = Release|Any CPU
	EndGlobalSection
	GlobalSection(ProjectConfigurationPlatforms) = postSolution
		{807DA16E-B302-4DEF-A32D-15737A3A1511}.Debug|Any CPU.ActiveCfg = Debug|Any CPU
		{807DA16E-B302-4DEF-A32D-15737A3A1511}.Debug|Any CPU.Build.0 = Debug|Any CPU
		{807DA16E-B302-4DEF-A32D-15737A3A1511}.Release|Any CPU.ActiveCfg = Release|Any CPU
		{807DA16E-B302-4DEF-A32D-15737A3A1511}.Release|Any CPU.Build.0 = Release|Any CPU
	EndGlobalSection
	GlobalSection(SolutionProperties) = preSolution
		HideSolutionNode = FALSE
	EndGlobalSection
	GlobalSection(ExtensibilityGlobals) = postSolution
		SolutionGuid = {8195B34E-8D9F-48A0-81A4-45DF95C35F2F}
	EndGlobalSection
EndGlobal
